
Microsoft Visual Studio Solution File, Format Version 12.00
# Visual Studio Version 17
VisualStudioVersion = 17.11.35327.3
MinimumVisualStudioVersion = 10.0.40219.1
Project("{FAE04EC0-301F-11D3-BF4B-00C04F79EFBC}") = "OOP-5", "OOP-5\OOP-5.csproj", "{9445AE8A-28CC-4726-A2B4-D85AFC5954E0}"
EndProject
Global
	GlobalSection(SolutionConfigurationPlatforms) = preSolution
		Debug|Any CPU = Debug|Any CPU
		Release|Any CPU = Release|Any CPU
	EndGlobalSection
	GlobalSection(ProjectConfigurationPlatforms) = postSolution
		{9445AE8A-28CC-4726-A2B4-D85AFC5954E0}.Debug|Any CPU.ActiveCfg = Debug|Any CPU
		{9445AE8A-28CC-4726-A2B4-D85AFC5954E0}.Debug|Any CPU.Build.0 = Debug|Any CPU
		{9445AE8A-28CC-4726-A2B4-D85AFC5954E0}.Release|Any CPU.ActiveCfg = Release|Any CPU
		{9445AE8A-28CC-4726-A2B4-D85AFC5954E0}.Release|Any CPU.Build.0 = Release|Any CPU
	EndGlobalSection
	GlobalSection(SolutionProperties) = preSolution
		HideSolutionNode = FALSE
	EndGlobalSection
	GlobalSection(ExtensibilityGlobals) = postSolution
		SolutionGuid = {00D7E61F-6D01-48FC-A3E8-B6C18082E795}
	EndGlobalSection
EndGlobal
