
Microsoft Visual Studio Solution File, Format Version 12.00
# Visual Studio Version 17
VisualStudioVersion = 17.11.35327.3
MinimumVisualStudioVersion = 10.0.40219.1
Project("{FAE04EC0-301F-11D3-BF4B-00C04F79EFBC}") = "arraysApp", "arraysApp\arraysApp.csproj", "{D4734271-0EFD-4C42-B9AC-DAC9575D4652}"
EndProject
Global
	GlobalSection(SolutionConfigurationPlatforms) = preSolution
		Debug|Any CPU = Debug|Any CPU
		Release|Any CPU = Release|Any CPU
	EndGlobalSection
	GlobalSection(ProjectConfigurationPlatforms) = postSolution
		{D4734271-0EFD-4C42-B9AC-DAC9575D4652}.Debug|Any CPU.ActiveCfg = Debug|Any CPU
		{D4734271-0EFD-4C42-B9AC-DAC9575D4652}.Debug|Any CPU.Build.0 = Debug|Any CPU
		{D4734271-0EFD-4C42-B9AC-DAC9575D4652}.Release|Any CPU.ActiveCfg = Release|Any CPU
		{D4734271-0EFD-4C42-B9AC-DAC9575D4652}.Release|Any CPU.Build.0 = Release|Any CPU
	EndGlobalSection
	GlobalSection(SolutionProperties) = preSolution
		HideSolutionNode = FALSE
	EndGlobalSection
	GlobalSection(ExtensibilityGlobals) = postSolution
		SolutionGuid = {7B27D5B4-0F8C-4C1E-B8C1-9D9C134E961D}
	EndGlobalSection
EndGlobal
