
Microsoft Visual Studio Solution File, Format Version 12.00
# Visual Studio Version 17
VisualStudioVersion = 17.10.34928.147
MinimumVisualStudioVersion = 10.0.40219.1
Project("{FAE04EC0-301F-11D3-BF4B-00C04F79EFBC}") = "first", "first\first.csproj", "{BA5C9A07-8B8C-48C4-99F5-FC662E0F7F72}"
EndProject
Global
	GlobalSection(SolutionConfigurationPlatforms) = preSolution
		Debug|Any CPU = Debug|Any CPU
		Release|Any CPU = Release|Any CPU
	EndGlobalSection
	GlobalSection(ProjectConfigurationPlatforms) = postSolution
		{BA5C9A07-8B8C-48C4-99F5-FC662E0F7F72}.Debug|Any CPU.ActiveCfg = Debug|Any CPU
		{BA5C9A07-8B8C-48C4-99F5-FC662E0F7F72}.Debug|Any CPU.Build.0 = Debug|Any CPU
		{BA5C9A07-8B8C-48C4-99F5-FC662E0F7F72}.Release|Any CPU.ActiveCfg = Release|Any CPU
		{BA5C9A07-8B8C-48C4-99F5-FC662E0F7F72}.Release|Any CPU.Build.0 = Release|Any CPU
	EndGlobalSection
	GlobalSection(SolutionProperties) = preSolution
		HideSolutionNode = FALSE
	EndGlobalSection
	GlobalSection(ExtensibilityGlobals) = postSolution
		SolutionGuid = {92411FE3-5A17-40C1-B282-F5333E6B8540}
	EndGlobalSection
EndGlobal
